
Microsoft Visual Studio Solution File, Format Version 12.00
# Visual Studio Version 16
VisualStudioVersion = 16.0.28803.352
MinimumVisualStudioVersion = 10.0.40219.1
Project("{FAE04EC0-301F-11D3-BF4B-00C04F79EFBC}") = "datagrid", "datagrid\datagrid.csproj", "{33E92138-877A-476A-8EDB-583572FC9938}"
EndProject
Global
	GlobalSection(SolutionConfigurationPlatforms) = preSolution
		Debug|Any CPU = Debug|Any CPU
		Release|Any CPU = Release|Any CPU
	EndGlobalSection
	GlobalSection(ProjectConfigurationPlatforms) = postSolution
		{33E92138-877A-476A-8EDB-583572FC9938}.Debug|Any CPU.ActiveCfg = Debug|Any CPU
		{33E92138-877A-476A-8EDB-583572FC9938}.Debug|Any CPU.Build.0 = Debug|Any CPU
		{33E92138-877A-476A-8EDB-583572FC9938}.Release|Any CPU.ActiveCfg = Release|Any CPU
		{33E92138-877A-476A-8EDB-583572FC9938}.Release|Any CPU.Build.0 = Release|Any CPU
	EndGlobalSection
	GlobalSection(SolutionProperties) = preSolution
		HideSolutionNode = FALSE
	EndGlobalSection
	GlobalSection(ExtensibilityGlobals) = postSolution
		SolutionGuid = {3C0BA1E8-B7FD-413A-8CE6-45CA3A4FC1D8}
	EndGlobalSection
EndGlobal
